
Microsoft Visual Studio Solution File, Format Version 12.00
# Visual Studio Version 16
VisualStudioVersion = 16.0.31129.286
MinimumVisualStudioVersion = 10.0.40219.1
Project("{FAE04EC0-301F-11D3-BF4B-00C04F79EFBC}") = "SIP", "SIP.csproj", "{B2349296-C751-4019-BEF5-359D4828CE4E}"
EndProject
Global
	GlobalSection(SolutionConfigurationPlatforms) = preSolution
		Debug|Any CPU = Debug|Any CPU
		Release|Any CPU = Release|Any CPU
	EndGlobalSection
	GlobalSection(ProjectConfigurationPlatforms) = postSolution
		{B2349296-C751-4019-BEF5-359D4828CE4E}.Debug|Any CPU.ActiveCfg = Debug|Any CPU
		{B2349296-C751-4019-BEF5-359D4828CE4E}.Debug|Any CPU.Build.0 = Debug|Any CPU
		{B2349296-C751-4019-BEF5-359D4828CE4E}.Release|Any CPU.ActiveCfg = Release|Any CPU
		{B2349296-C751-4019-BEF5-359D4828CE4E}.Release|Any CPU.Build.0 = Release|Any CPU
	EndGlobalSection
	GlobalSection(SolutionProperties) = preSolution
		HideSolutionNode = FALSE
	EndGlobalSection
	GlobalSection(ExtensibilityGlobals) = postSolution
		SolutionGuid = {37905C10-0E8F-4D65-93C1-06DD73F14CB3}
	EndGlobalSection
EndGlobal
